
Microsoft Visual Studio Solution File, Format Version 12.00
# Visual Studio Version 17
VisualStudioVersion = 17.6.33829.357
MinimumVisualStudioVersion = 10.0.40219.1
Project("{FAE04EC0-301F-11D3-BF4B-00C04F79EFBC}") = "Assign24Lib", "Assign24Lib\Assign24Lib.csproj", "{C6FC8461-8E4A-40B1-9871-64FB17B32CE4}"
EndProject
Project("{FAE04EC0-301F-11D3-BF4B-00C04F79EFBC}") = "BinarySerializaton", "..\BinarySerializaton\BinarySerializaton.csproj", "{E4F9F626-70C7-43DA-B293-4E46FABF43E1}"
EndProject
Global
	GlobalSection(SolutionConfigurationPlatforms) = preSolution
		Debug|Any CPU = Debug|Any CPU
		Release|Any CPU = Release|Any CPU
	EndGlobalSection
	GlobalSection(ProjectConfigurationPlatforms) = postSolution
		{C6FC8461-8E4A-40B1-9871-64FB17B32CE4}.Debug|Any CPU.ActiveCfg = Debug|Any CPU
		{C6FC8461-8E4A-40B1-9871-64FB17B32CE4}.Debug|Any CPU.Build.0 = Debug|Any CPU
		{C6FC8461-8E4A-40B1-9871-64FB17B32CE4}.Release|Any CPU.ActiveCfg = Release|Any CPU
		{C6FC8461-8E4A-40B1-9871-64FB17B32CE4}.Release|Any CPU.Build.0 = Release|Any CPU
		{E4F9F626-70C7-43DA-B293-4E46FABF43E1}.Debug|Any CPU.ActiveCfg = Debug|Any CPU
		{E4F9F626-70C7-43DA-B293-4E46FABF43E1}.Debug|Any CPU.Build.0 = Debug|Any CPU
		{E4F9F626-70C7-43DA-B293-4E46FABF43E1}.Release|Any CPU.ActiveCfg = Release|Any CPU
		{E4F9F626-70C7-43DA-B293-4E46FABF43E1}.Release|Any CPU.Build.0 = Release|Any CPU
	EndGlobalSection
	GlobalSection(SolutionProperties) = preSolution
		HideSolutionNode = FALSE
	EndGlobalSection
	GlobalSection(ExtensibilityGlobals) = postSolution
		SolutionGuid = {FA40380E-2F14-4516-85D8-7F8DC21C6918}
	EndGlobalSection
EndGlobal
